
Microsoft Visual Studio Solution File, Format Version 12.00
# Visual Studio 14
VisualStudioVersion = 14.0.25420.1
MinimumVisualStudioVersion = 10.0.40219.1
Project("{FAE04EC0-301F-11D3-BF4B-00C04F79EFBC}") = "NTypeScript", "NTypeScript\NTypeScript.csproj", "{5A98B382-E741-4517-AE58-01012ABC3951}"
EndProject
Project("{2150E333-8FDC-42A3-9474-1A3956D46DE8}") = "Demo", "Demo", "{01A638FC-570E-47F3-90D3-030945886A94}"
EndProject
Project("{FAE04EC0-301F-11D3-BF4B-00C04F79EFBC}") = "NTypeScript.Demo", "Demo\NTypeScript.Demo\NTypeScript.Demo.csproj", "{EA531C5D-FE68-4737-BE80-629359F2154B}"
EndProject
Global
	GlobalSection(SolutionConfigurationPlatforms) = preSolution
		Debug|Any CPU = Debug|Any CPU
		Release|Any CPU = Release|Any CPU
	EndGlobalSection
	GlobalSection(ProjectConfigurationPlatforms) = postSolution
		{5A98B382-E741-4517-AE58-01012ABC3951}.Debug|Any CPU.ActiveCfg = Debug|Any CPU
		{5A98B382-E741-4517-AE58-01012ABC3951}.Debug|Any CPU.Build.0 = Debug|Any CPU
		{5A98B382-E741-4517-AE58-01012ABC3951}.Release|Any CPU.ActiveCfg = Release|Any CPU
		{5A98B382-E741-4517-AE58-01012ABC3951}.Release|Any CPU.Build.0 = Release|Any CPU
		{EA531C5D-FE68-4737-BE80-629359F2154B}.Debug|Any CPU.ActiveCfg = Debug|Any CPU
		{EA531C5D-FE68-4737-BE80-629359F2154B}.Debug|Any CPU.Build.0 = Debug|Any CPU
		{EA531C5D-FE68-4737-BE80-629359F2154B}.Release|Any CPU.ActiveCfg = Release|Any CPU
		{EA531C5D-FE68-4737-BE80-629359F2154B}.Release|Any CPU.Build.0 = Release|Any CPU
	EndGlobalSection
	GlobalSection(SolutionProperties) = preSolution
		HideSolutionNode = FALSE
	EndGlobalSection
	GlobalSection(NestedProjects) = preSolution
		{EA531C5D-FE68-4737-BE80-629359F2154B} = {01A638FC-570E-47F3-90D3-030945886A94}
	EndGlobalSection
EndGlobal
